{
  "nodes": {
    "nixpkgs": {
      "locked": {
        "lastModified": 1764019953,
        "narHash": "sha256-QisWvBI/6T5Jf9YSS8dQvp2nKao1pznweLaju8n+ArM=",
        "owner": "NixOS",
        "repo": "nixpkgs",
        "rev": "df26a9358671aed415a7da60d744014e629e179d",
        "type": "github"
      },
      "original": {
        "owner": "NixOS",
        "ref": "master",
        "repo": "nixpkgs",
        "type": "github"
      }
    },
    "root": {
      "inputs": {
        "nixpkgs": "nixpkgs"
      }
    }
  },
  "root": "root",
  "version": 7
}
